
Microsoft Visual Studio Solution File, Format Version 12.00
# Visual Studio Version 17
VisualStudioVersion = 17.6.33829.357
MinimumVisualStudioVersion = 10.0.40219.1
Project("{9A19103F-16F7-4668-BE54-9A1E7A4F7556}") = "TankLevelMonitor_Demo", "TankLevelMonitor\TankLevelMonitor_Demo.csproj", "{7AEA7B5B-1891-4A56-93DA-081AB687A0C5}"
EndProject
Project("{FAE04EC0-301F-11D3-BF4B-00C04F79EFBC}") = "TankLevelMonitor", "TankLevelMonitor.Core\TankLevelMonitor.csproj", "{317C263F-FD16-48D9-89EA-845D9CBBA061}"
EndProject
Global
	GlobalSection(SolutionConfigurationPlatforms) = preSolution
		Debug|Any CPU = Debug|Any CPU
		Release|Any CPU = Release|Any CPU
	EndGlobalSection
	GlobalSection(ProjectConfigurationPlatforms) = postSolution
		{7AEA7B5B-1891-4A56-93DA-081AB687A0C5}.Debug|Any CPU.ActiveCfg = Debug|Any CPU
		{7AEA7B5B-1891-4A56-93DA-081AB687A0C5}.Debug|Any CPU.Build.0 = Debug|Any CPU
		{7AEA7B5B-1891-4A56-93DA-081AB687A0C5}.Debug|Any CPU.Deploy.0 = Debug|Any CPU
		{7AEA7B5B-1891-4A56-93DA-081AB687A0C5}.Release|Any CPU.ActiveCfg = Release|Any CPU
		{7AEA7B5B-1891-4A56-93DA-081AB687A0C5}.Release|Any CPU.Build.0 = Release|Any CPU
		{7AEA7B5B-1891-4A56-93DA-081AB687A0C5}.Release|Any CPU.Deploy.0 = Release|Any CPU
		{317C263F-FD16-48D9-89EA-845D9CBBA061}.Debug|Any CPU.ActiveCfg = Debug|Any CPU
		{317C263F-FD16-48D9-89EA-845D9CBBA061}.Debug|Any CPU.Build.0 = Debug|Any CPU
		{317C263F-FD16-48D9-89EA-845D9CBBA061}.Debug|Any CPU.Deploy.0 = Debug|Any CPU
		{317C263F-FD16-48D9-89EA-845D9CBBA061}.Release|Any CPU.ActiveCfg = Release|Any CPU
		{317C263F-FD16-48D9-89EA-845D9CBBA061}.Release|Any CPU.Build.0 = Release|Any CPU
		{317C263F-FD16-48D9-89EA-845D9CBBA061}.Release|Any CPU.Deploy.0 = Release|Any CPU
	EndGlobalSection
	GlobalSection(SolutionProperties) = preSolution
		HideSolutionNode = FALSE
	EndGlobalSection
	GlobalSection(ExtensibilityGlobals) = postSolution
		SolutionGuid = {DD0696CC-880A-4832-9346-C3A44B529DC8}
	EndGlobalSection
EndGlobal
