
Microsoft Visual Studio Solution File, Format Version 12.00
# Visual Studio Version 17
VisualStudioVersion = 17.6.33829.357
MinimumVisualStudioVersion = 10.0.40219.1
Project("{9A19103F-16F7-4668-BE54-9A1E7A4F7556}") = "TankLevelMonitor", "TankLevelMonitor\TankLevelMonitor.csproj", "{72F74011-2C35-4490-BD5F-582ECBD96476}"
EndProject
Project("{9A19103F-16F7-4668-BE54-9A1E7A4F7556}") = "TankLevelMonitor_Demo", "TankLevelMonitor_Demo\TankLevelMonitor_Demo.csproj", "{841E63C8-CEB5-4A16-9382-563775B0EA37}"
EndProject
Project("{FAE04EC0-301F-11D3-BF4B-00C04F79EFBC}") = "TankLevelMonitor_UI", "TankLevelMonitor_UI\TankLevelMonitor_UI.csproj", "{6356875F-AF82-4AFD-BE0F-CB4DAE2E295E}"
EndProject
Global
	GlobalSection(SolutionConfigurationPlatforms) = preSolution
		Debug|Any CPU = Debug|Any CPU
		Release|Any CPU = Release|Any CPU
	EndGlobalSection
	GlobalSection(ProjectConfigurationPlatforms) = postSolution
		{72F74011-2C35-4490-BD5F-582ECBD96476}.Debug|Any CPU.ActiveCfg = Debug|Any CPU
		{72F74011-2C35-4490-BD5F-582ECBD96476}.Debug|Any CPU.Build.0 = Debug|Any CPU
		{72F74011-2C35-4490-BD5F-582ECBD96476}.Debug|Any CPU.Deploy.0 = Debug|Any CPU
		{72F74011-2C35-4490-BD5F-582ECBD96476}.Release|Any CPU.ActiveCfg = Release|Any CPU
		{72F74011-2C35-4490-BD5F-582ECBD96476}.Release|Any CPU.Build.0 = Release|Any CPU
		{72F74011-2C35-4490-BD5F-582ECBD96476}.Release|Any CPU.Deploy.0 = Release|Any CPU
		{841E63C8-CEB5-4A16-9382-563775B0EA37}.Debug|Any CPU.ActiveCfg = Debug|Any CPU
		{841E63C8-CEB5-4A16-9382-563775B0EA37}.Debug|Any CPU.Build.0 = Debug|Any CPU
		{841E63C8-CEB5-4A16-9382-563775B0EA37}.Debug|Any CPU.Deploy.0 = Debug|Any CPU
		{841E63C8-CEB5-4A16-9382-563775B0EA37}.Release|Any CPU.ActiveCfg = Release|Any CPU
		{841E63C8-CEB5-4A16-9382-563775B0EA37}.Release|Any CPU.Build.0 = Release|Any CPU
		{841E63C8-CEB5-4A16-9382-563775B0EA37}.Release|Any CPU.Deploy.0 = Release|Any CPU
		{6356875F-AF82-4AFD-BE0F-CB4DAE2E295E}.Debug|Any CPU.ActiveCfg = Debug|Any CPU
		{6356875F-AF82-4AFD-BE0F-CB4DAE2E295E}.Debug|Any CPU.Build.0 = Debug|Any CPU
		{6356875F-AF82-4AFD-BE0F-CB4DAE2E295E}.Release|Any CPU.ActiveCfg = Release|Any CPU
		{6356875F-AF82-4AFD-BE0F-CB4DAE2E295E}.Release|Any CPU.Build.0 = Release|Any CPU
	EndGlobalSection
	GlobalSection(SolutionProperties) = preSolution
		HideSolutionNode = FALSE
	EndGlobalSection
	GlobalSection(ExtensibilityGlobals) = postSolution
		SolutionGuid = {DD0696CC-880A-4832-9346-C3A44B529DC8}
	EndGlobalSection
EndGlobal
