
Microsoft Visual Studio Solution File, Format Version 12.00
# Visual Studio Version 17
VisualStudioVersion = 17.6.33829.357
MinimumVisualStudioVersion = 10.0.40219.1
Project("{2150E333-8FDC-42A3-9474-1A3956D46DE8}") = "Additional Samples", "Additional Samples", "{5F4E41AE-D5DC-4402-A169-396E2E4B5C67}"
EndProject
Project("{2150E333-8FDC-42A3-9474-1A3956D46DE8}") = "_External", "_External", "{86C74A85-230D-4549-AFB0-4ECDFF33BB63}"
EndProject
Project("{9A19103F-16F7-4668-BE54-9A1E7A4F7556}") = "Meadow.Units", "..\..\Meadow.Units\Source\Meadow.Units\Meadow.Units.csproj", "{9FA1710B-47DB-4CA5-AFF7-1B2402C9DC00}"
EndProject
Project("{9A19103F-16F7-4668-BE54-9A1E7A4F7556}") = "Meadow.Logging", "..\..\Meadow.Logging\Source\Meadow.Logging\lib\Meadow.Logging.csproj", "{2E3EB2A0-DAC0-45FE-9DAF-DE79B9174C66}"
EndProject
Project("{9A19103F-16F7-4668-BE54-9A1E7A4F7556}") = "Meadow.Contracts", "..\..\Meadow.Contracts\Source\Meadow.Contracts\Meadow.Contracts.csproj", "{C6142443-B8A9-45B5-953F-240BA2BA3554}"
EndProject
Project("{9A19103F-16F7-4668-BE54-9A1E7A4F7556}") = "Meadow.Core", "..\..\Meadow.Core\source\Meadow.Core\Meadow.Core.csproj", "{81052D24-5973-4681-8522-90A57CF1994B}"
EndProject
Project("{9A19103F-16F7-4668-BE54-9A1E7A4F7556}") = "Meadow.F7", "..\..\Meadow.Core\source\implementations\f7\Meadow.F7\Meadow.F7.csproj", "{29143B5C-2953-4530-8841-9E4A5029E0A1}"
EndProject
Project("{9A19103F-16F7-4668-BE54-9A1E7A4F7556}") = "Meadow.Modbus", "..\..\Meadow.Modbus\src\Meadow.Modbus\Meadow.Modbus.csproj", "{90E493A3-0B63-41FE-BC54-5F9612303660}"
EndProject
Project("{9A19103F-16F7-4668-BE54-9A1E7A4F7556}") = "Meadow.Foundation.Core", "..\..\Meadow.Foundation\Source\Meadow.Foundation.Core\Meadow.Foundation.Core.csproj", "{CC54D08D-6222-485C-8ADA-960551719F3E}"
EndProject
Project("{9A19103F-16F7-4668-BE54-9A1E7A4F7556}") = "Graphics.MicroGraphics", "..\..\Meadow.Foundation\Source\Meadow.Foundation.Libraries_and_Frameworks\Graphics.MicroGraphics\Driver\Graphics.MicroGraphics.csproj", "{04953C1F-5436-450F-BFF3-40D9064A6236}"
EndProject
Project("{9A19103F-16F7-4668-BE54-9A1E7A4F7556}") = "Graphics.MicroLayout", "..\..\Meadow.Foundation\Source\Meadow.Foundation.Libraries_and_Frameworks\Graphics.MicroLayout\Driver\Graphics.MicroLayout.csproj", "{738A0480-B7BA-4DDD-8F77-A70253D31CB0}"
EndProject
Project("{9A19103F-16F7-4668-BE54-9A1E7A4F7556}") = "Displays.TftSpi", "..\..\Meadow.Foundation\Source\Meadow.Foundation.Peripherals\Displays.TftSpi\Driver\Displays.TftSpi.csproj", "{F12C70AA-F2EE-41D3-8BBF-A739FACA01D8}"
EndProject
Project("{9A19103F-16F7-4668-BE54-9A1E7A4F7556}") = "Sensors.Atmospheric.Bme68x", "..\..\Meadow.Foundation\Source\Meadow.Foundation.Peripherals\Sensors.Atmospheric.Bme68x\Driver\Sensors.Atmospheric.Bme68x.csproj", "{48A139A9-733B-4764-9C7D-F14FF84D4885}"
EndProject
Project("{9A19103F-16F7-4668-BE54-9A1E7A4F7556}") = "Sensors.Light.Bh1750", "..\..\Meadow.Foundation\Source\Meadow.Foundation.Peripherals\Sensors.Light.Bh1750\Driver\Sensors.Light.Bh1750.csproj", "{4F629685-A3F5-4F78-8A29-B8F2243A5E62}"
EndProject
Project("{9A19103F-16F7-4668-BE54-9A1E7A4F7556}") = "Sensors.Motion.Bmi270", "..\..\Meadow.Foundation\Source\Meadow.Foundation.Peripherals\Sensors.Motion.Bmi270\Driver\Sensors.Motion.Bmi270.csproj", "{4DB665DB-085A-4C00-8204-B294EB6709AC}"
EndProject
Project("{9A19103F-16F7-4668-BE54-9A1E7A4F7556}") = "Meadow.ProjectLab", "..\..\Meadow.ProjectLab\Source\Meadow.ProjectLab\Meadow.ProjectLab.csproj", "{ADF2A2A3-132E-42DD-8BF3-8B04B04F16AC}"
EndProject
Project("{9A19103F-16F7-4668-BE54-9A1E7A4F7556}") = "Sensors.Distance.Vl53l0x", "..\..\Meadow.Foundation\Source\Meadow.Foundation.Peripherals\Sensors.Distance.Vl53l0x\Driver\Sensors.Distance.Vl53l0x.csproj", "{8D8409B0-5FC5-499C-BE3C-1159D4BBFFED}"
EndProject
Project("{9A19103F-16F7-4668-BE54-9A1E7A4F7556}") = "Sensors.Distance.MaxBotix", "..\..\Meadow.Foundation\Source\Meadow.Foundation.Peripherals\Sensors.Distance.MaxBotix\Driver\Sensors.Distance.MaxBotix.csproj", "{41C5375B-A43F-4A6F-98EC-799592C3ABF9}"
EndProject
Project("{9A19103F-16F7-4668-BE54-9A1E7A4F7556}") = "Displays.WinForms", "..\..\Meadow.Foundation\Source\Meadow.Foundation.Peripherals\Displays.WinForms\Driver\Displays.WinForms.csproj", "{09F1EEA2-F7DD-469E-A8DE-E8BB0421260B}"
EndProject
Project("{9A19103F-16F7-4668-BE54-9A1E7A4F7556}") = "Meadow.Windows", "..\..\Meadow.Core\source\implementations\windows\Meadow.Windows\Meadow.Windows.csproj", "{06EDCD96-50F3-45BD-8CB8-8BB73F97C774}"
EndProject
Project("{9A19103F-16F7-4668-BE54-9A1E7A4F7556}") = "Amqp", "..\..\amqpnetlite\src\Amqp.csproj", "{500A677A-5DC5-4669-96F5-774F14F90617}"
EndProject
Project("{9A19103F-16F7-4668-BE54-9A1E7A4F7556}") = "Meadow.Desktop", "..\..\Meadow.Core\source\implementations\desktop\Meadow.Desktop\Meadow.Desktop.csproj", "{C44BE992-FF54-4DCF-8534-B13BD71A259D}"
EndProject
Project("{9A19103F-16F7-4668-BE54-9A1E7A4F7556}") = "Meadow.Mac", "..\..\Meadow.Core\source\implementations\mac\Meadow.Mac\Meadow.Mac.csproj", "{713A0B4B-C501-4999-A8E8-EBCF1C540B36}"
EndProject
Project("{9A19103F-16F7-4668-BE54-9A1E7A4F7556}") = "Meadow.Linux", "..\..\Meadow.Core\source\implementations\linux\Meadow.Linux\Meadow.Linux.csproj", "{66BDA801-A370-4E55-9439-E65657AE5EB4}"
EndProject
Project("{9A19103F-16F7-4668-BE54-9A1E7A4F7556}") = "Serialization.MicroJson", "..\..\Meadow.Foundation\Source\Meadow.Foundation.Libraries_and_Frameworks\Serialization.MicroJson\Driver\Serialization.MicroJson.csproj", "{B53C3757-093D-41BA-AB7C-40A173F3DCB3}"
EndProject
Project("{9A19103F-16F7-4668-BE54-9A1E7A4F7556}") = "Displays.Silk", "..\..\Meadow.Foundation\Source\Meadow.Foundation.Peripherals\Displays.Silk\Driver\Displays.Silk.csproj", "{E9041583-0C92-4FB0-9D8A-F40C77B4F550}"
EndProject
Project("{9A19103F-16F7-4668-BE54-9A1E7A4F7556}") = "ICs.IOExpanders.Mcp23xxx", "..\..\Meadow.Foundation\Source\Meadow.Foundation.Peripherals\ICs.IOExpanders.Mcp23xxx\Driver\ICs.IOExpanders.Mcp23xxx.csproj", "{CB06FBAD-6F54-46E4-AF2F-48014932459A}"
EndProject
Project("{9A19103F-16F7-4668-BE54-9A1E7A4F7556}") = "ICs.IOExpanders.Sc16is7x2", "..\..\Meadow.Foundation\Source\Meadow.Foundation.Peripherals\ICs.IOExpanders.Sc16is7x2\Driver\ICs.IOExpanders.Sc16is7x2.csproj", "{4B8ECDB4-7A8E-41A9-9AB9-97F62ED51B9D}"
EndProject
Project("{9A19103F-16F7-4668-BE54-9A1E7A4F7556}") = "Sensors.Hid.Xpt2046", "..\..\Meadow.Foundation\Source\Meadow.Foundation.Peripherals\Sensors.Hid.Xpt2046\Driver\Sensors.Hid.Xpt2046.csproj", "{78D96F06-C612-4B4F-83A5-354A378FFFD5}"
EndProject
Project("{9A19103F-16F7-4668-BE54-9A1E7A4F7556}") = "MQTTnet", "..\..\MQTTnet\Source\MQTTnet\MQTTnet.csproj", "{1E2D5141-A8C9-438A-B634-CBB805C466A3}"
EndProject
Project("{9A19103F-16F7-4668-BE54-9A1E7A4F7556}") = "TankLevelMonitor.Core", "TankLevelMonitor.Core\TankLevelMonitor.Core.csproj", "{18288429-946A-4ACD-9E51-34E989C6AECC}"
EndProject
Project("{9A19103F-16F7-4668-BE54-9A1E7A4F7556}") = "TankLevelMonitor.Desktop", "TankLevelMonitor.Desktop\TankLevelMonitor.Desktop.csproj", "{B05219AD-5BF3-4185-AA41-530D1AC65493}"
EndProject
Project("{9A19103F-16F7-4668-BE54-9A1E7A4F7556}") = "TankLevelMonitor.Azure", "Additional Samples\TankLevelMonitor_Azure\TankLevelMonitor.Azure.csproj", "{B32AD055-86E9-4C98-B212-6DED28C888FF}"
EndProject
Project("{9A19103F-16F7-4668-BE54-9A1E7A4F7556}") = "TankLevelMonitor.AzureFunction", "Additional Samples\TankLevelMonitor_AzureFunction\TankLevelMonitor.AzureFunction.csproj", "{670B203A-9763-4B07-ABEF-CCC59E43409E}"
EndProject
Project("{9A19103F-16F7-4668-BE54-9A1E7A4F7556}") = "TankLevelMonitor.UI", "Additional Samples\TankLevelMonitor_UI\TankLevelMonitor.UI.csproj", "{EECEA2AB-7BCC-4047-B410-DC0EE6E16D22}"
EndProject
Project("{9A19103F-16F7-4668-BE54-9A1E7A4F7556}") = "TankLevelMonitor.F7", "TankLevelMonitor.F7\TankLevelMonitor.F7.csproj", "{39781D58-B947-4962-8ADF-CAB74A4274F7}"
EndProject
Project("{9A19103F-16F7-4668-BE54-9A1E7A4F7556}") = "TankLevelSensors", "TankLevelSensors\TankLevelSensors.csproj", "{F74B7016-2D2D-409E-BE59-2B532F6DA871}"
EndProject
Global
	GlobalSection(SolutionConfigurationPlatforms) = preSolution
		Debug|Any CPU = Debug|Any CPU
		Release|Any CPU = Release|Any CPU
	EndGlobalSection
	GlobalSection(ProjectConfigurationPlatforms) = postSolution
		{9FA1710B-47DB-4CA5-AFF7-1B2402C9DC00}.Debug|Any CPU.ActiveCfg = Debug|Any CPU
		{9FA1710B-47DB-4CA5-AFF7-1B2402C9DC00}.Debug|Any CPU.Build.0 = Debug|Any CPU
		{9FA1710B-47DB-4CA5-AFF7-1B2402C9DC00}.Debug|Any CPU.Deploy.0 = Debug|Any CPU
		{9FA1710B-47DB-4CA5-AFF7-1B2402C9DC00}.Release|Any CPU.ActiveCfg = Release|Any CPU
		{9FA1710B-47DB-4CA5-AFF7-1B2402C9DC00}.Release|Any CPU.Build.0 = Release|Any CPU
		{9FA1710B-47DB-4CA5-AFF7-1B2402C9DC00}.Release|Any CPU.Deploy.0 = Release|Any CPU
		{2E3EB2A0-DAC0-45FE-9DAF-DE79B9174C66}.Debug|Any CPU.ActiveCfg = Debug|Any CPU
		{2E3EB2A0-DAC0-45FE-9DAF-DE79B9174C66}.Debug|Any CPU.Build.0 = Debug|Any CPU
		{2E3EB2A0-DAC0-45FE-9DAF-DE79B9174C66}.Release|Any CPU.ActiveCfg = Release|Any CPU
		{2E3EB2A0-DAC0-45FE-9DAF-DE79B9174C66}.Release|Any CPU.Build.0 = Release|Any CPU
		{C6142443-B8A9-45B5-953F-240BA2BA3554}.Debug|Any CPU.ActiveCfg = Debug|Any CPU
		{C6142443-B8A9-45B5-953F-240BA2BA3554}.Debug|Any CPU.Build.0 = Debug|Any CPU
		{C6142443-B8A9-45B5-953F-240BA2BA3554}.Debug|Any CPU.Deploy.0 = Debug|Any CPU
		{C6142443-B8A9-45B5-953F-240BA2BA3554}.Release|Any CPU.ActiveCfg = Release|Any CPU
		{C6142443-B8A9-45B5-953F-240BA2BA3554}.Release|Any CPU.Build.0 = Release|Any CPU
		{C6142443-B8A9-45B5-953F-240BA2BA3554}.Release|Any CPU.Deploy.0 = Release|Any CPU
		{81052D24-5973-4681-8522-90A57CF1994B}.Debug|Any CPU.ActiveCfg = Debug|Any CPU
		{81052D24-5973-4681-8522-90A57CF1994B}.Debug|Any CPU.Build.0 = Debug|Any CPU
		{81052D24-5973-4681-8522-90A57CF1994B}.Debug|Any CPU.Deploy.0 = Debug|Any CPU
		{81052D24-5973-4681-8522-90A57CF1994B}.Release|Any CPU.ActiveCfg = Release|Any CPU
		{81052D24-5973-4681-8522-90A57CF1994B}.Release|Any CPU.Build.0 = Release|Any CPU
		{81052D24-5973-4681-8522-90A57CF1994B}.Release|Any CPU.Deploy.0 = Release|Any CPU
		{29143B5C-2953-4530-8841-9E4A5029E0A1}.Debug|Any CPU.ActiveCfg = Debug|Any CPU
		{29143B5C-2953-4530-8841-9E4A5029E0A1}.Debug|Any CPU.Build.0 = Debug|Any CPU
		{29143B5C-2953-4530-8841-9E4A5029E0A1}.Debug|Any CPU.Deploy.0 = Debug|Any CPU
		{29143B5C-2953-4530-8841-9E4A5029E0A1}.Release|Any CPU.ActiveCfg = Release|Any CPU
		{29143B5C-2953-4530-8841-9E4A5029E0A1}.Release|Any CPU.Build.0 = Release|Any CPU
		{29143B5C-2953-4530-8841-9E4A5029E0A1}.Release|Any CPU.Deploy.0 = Release|Any CPU
		{90E493A3-0B63-41FE-BC54-5F9612303660}.Debug|Any CPU.ActiveCfg = Debug|Any CPU
		{90E493A3-0B63-41FE-BC54-5F9612303660}.Debug|Any CPU.Build.0 = Debug|Any CPU
		{90E493A3-0B63-41FE-BC54-5F9612303660}.Release|Any CPU.ActiveCfg = Release|Any CPU
		{90E493A3-0B63-41FE-BC54-5F9612303660}.Release|Any CPU.Build.0 = Release|Any CPU
		{CC54D08D-6222-485C-8ADA-960551719F3E}.Debug|Any CPU.ActiveCfg = Debug|Any CPU
		{CC54D08D-6222-485C-8ADA-960551719F3E}.Debug|Any CPU.Build.0 = Debug|Any CPU
		{CC54D08D-6222-485C-8ADA-960551719F3E}.Debug|Any CPU.Deploy.0 = Debug|Any CPU
		{CC54D08D-6222-485C-8ADA-960551719F3E}.Release|Any CPU.ActiveCfg = Release|Any CPU
		{CC54D08D-6222-485C-8ADA-960551719F3E}.Release|Any CPU.Build.0 = Release|Any CPU
		{CC54D08D-6222-485C-8ADA-960551719F3E}.Release|Any CPU.Deploy.0 = Release|Any CPU
		{04953C1F-5436-450F-BFF3-40D9064A6236}.Debug|Any CPU.ActiveCfg = Debug|Any CPU
		{04953C1F-5436-450F-BFF3-40D9064A6236}.Debug|Any CPU.Build.0 = Debug|Any CPU
		{04953C1F-5436-450F-BFF3-40D9064A6236}.Debug|Any CPU.Deploy.0 = Debug|Any CPU
		{04953C1F-5436-450F-BFF3-40D9064A6236}.Release|Any CPU.ActiveCfg = Release|Any CPU
		{04953C1F-5436-450F-BFF3-40D9064A6236}.Release|Any CPU.Build.0 = Release|Any CPU
		{04953C1F-5436-450F-BFF3-40D9064A6236}.Release|Any CPU.Deploy.0 = Release|Any CPU
		{738A0480-B7BA-4DDD-8F77-A70253D31CB0}.Debug|Any CPU.ActiveCfg = Debug|Any CPU
		{738A0480-B7BA-4DDD-8F77-A70253D31CB0}.Debug|Any CPU.Build.0 = Debug|Any CPU
		{738A0480-B7BA-4DDD-8F77-A70253D31CB0}.Release|Any CPU.ActiveCfg = Release|Any CPU
		{738A0480-B7BA-4DDD-8F77-A70253D31CB0}.Release|Any CPU.Build.0 = Release|Any CPU
		{F12C70AA-F2EE-41D3-8BBF-A739FACA01D8}.Debug|Any CPU.ActiveCfg = Debug|Any CPU
		{F12C70AA-F2EE-41D3-8BBF-A739FACA01D8}.Debug|Any CPU.Build.0 = Debug|Any CPU
		{F12C70AA-F2EE-41D3-8BBF-A739FACA01D8}.Debug|Any CPU.Deploy.0 = Debug|Any CPU
		{F12C70AA-F2EE-41D3-8BBF-A739FACA01D8}.Release|Any CPU.ActiveCfg = Release|Any CPU
		{F12C70AA-F2EE-41D3-8BBF-A739FACA01D8}.Release|Any CPU.Build.0 = Release|Any CPU
		{F12C70AA-F2EE-41D3-8BBF-A739FACA01D8}.Release|Any CPU.Deploy.0 = Release|Any CPU
		{48A139A9-733B-4764-9C7D-F14FF84D4885}.Debug|Any CPU.ActiveCfg = Debug|Any CPU
		{48A139A9-733B-4764-9C7D-F14FF84D4885}.Debug|Any CPU.Build.0 = Debug|Any CPU
		{48A139A9-733B-4764-9C7D-F14FF84D4885}.Debug|Any CPU.Deploy.0 = Debug|Any CPU
		{48A139A9-733B-4764-9C7D-F14FF84D4885}.Release|Any CPU.ActiveCfg = Release|Any CPU
		{48A139A9-733B-4764-9C7D-F14FF84D4885}.Release|Any CPU.Build.0 = Release|Any CPU
		{48A139A9-733B-4764-9C7D-F14FF84D4885}.Release|Any CPU.Deploy.0 = Release|Any CPU
		{4F629685-A3F5-4F78-8A29-B8F2243A5E62}.Debug|Any CPU.ActiveCfg = Debug|Any CPU
		{4F629685-A3F5-4F78-8A29-B8F2243A5E62}.Debug|Any CPU.Build.0 = Debug|Any CPU
		{4F629685-A3F5-4F78-8A29-B8F2243A5E62}.Debug|Any CPU.Deploy.0 = Debug|Any CPU
		{4F629685-A3F5-4F78-8A29-B8F2243A5E62}.Release|Any CPU.ActiveCfg = Release|Any CPU
		{4F629685-A3F5-4F78-8A29-B8F2243A5E62}.Release|Any CPU.Build.0 = Release|Any CPU
		{4F629685-A3F5-4F78-8A29-B8F2243A5E62}.Release|Any CPU.Deploy.0 = Release|Any CPU
		{4DB665DB-085A-4C00-8204-B294EB6709AC}.Debug|Any CPU.ActiveCfg = Debug|Any CPU
		{4DB665DB-085A-4C00-8204-B294EB6709AC}.Debug|Any CPU.Build.0 = Debug|Any CPU
		{4DB665DB-085A-4C00-8204-B294EB6709AC}.Debug|Any CPU.Deploy.0 = Debug|Any CPU
		{4DB665DB-085A-4C00-8204-B294EB6709AC}.Release|Any CPU.ActiveCfg = Release|Any CPU
		{4DB665DB-085A-4C00-8204-B294EB6709AC}.Release|Any CPU.Build.0 = Release|Any CPU
		{4DB665DB-085A-4C00-8204-B294EB6709AC}.Release|Any CPU.Deploy.0 = Release|Any CPU
		{ADF2A2A3-132E-42DD-8BF3-8B04B04F16AC}.Debug|Any CPU.ActiveCfg = Debug|Any CPU
		{ADF2A2A3-132E-42DD-8BF3-8B04B04F16AC}.Debug|Any CPU.Build.0 = Debug|Any CPU
		{ADF2A2A3-132E-42DD-8BF3-8B04B04F16AC}.Debug|Any CPU.Deploy.0 = Debug|Any CPU
		{ADF2A2A3-132E-42DD-8BF3-8B04B04F16AC}.Release|Any CPU.ActiveCfg = Release|Any CPU
		{ADF2A2A3-132E-42DD-8BF3-8B04B04F16AC}.Release|Any CPU.Build.0 = Release|Any CPU
		{ADF2A2A3-132E-42DD-8BF3-8B04B04F16AC}.Release|Any CPU.Deploy.0 = Release|Any CPU
		{8D8409B0-5FC5-499C-BE3C-1159D4BBFFED}.Debug|Any CPU.ActiveCfg = Debug|Any CPU
		{8D8409B0-5FC5-499C-BE3C-1159D4BBFFED}.Debug|Any CPU.Build.0 = Debug|Any CPU
		{8D8409B0-5FC5-499C-BE3C-1159D4BBFFED}.Debug|Any CPU.Deploy.0 = Debug|Any CPU
		{8D8409B0-5FC5-499C-BE3C-1159D4BBFFED}.Release|Any CPU.ActiveCfg = Release|Any CPU
		{8D8409B0-5FC5-499C-BE3C-1159D4BBFFED}.Release|Any CPU.Build.0 = Release|Any CPU
		{8D8409B0-5FC5-499C-BE3C-1159D4BBFFED}.Release|Any CPU.Deploy.0 = Release|Any CPU
		{41C5375B-A43F-4A6F-98EC-799592C3ABF9}.Debug|Any CPU.ActiveCfg = Debug|Any CPU
		{41C5375B-A43F-4A6F-98EC-799592C3ABF9}.Debug|Any CPU.Build.0 = Debug|Any CPU
		{41C5375B-A43F-4A6F-98EC-799592C3ABF9}.Debug|Any CPU.Deploy.0 = Debug|Any CPU
		{41C5375B-A43F-4A6F-98EC-799592C3ABF9}.Release|Any CPU.ActiveCfg = Release|Any CPU
		{41C5375B-A43F-4A6F-98EC-799592C3ABF9}.Release|Any CPU.Build.0 = Release|Any CPU
		{41C5375B-A43F-4A6F-98EC-799592C3ABF9}.Release|Any CPU.Deploy.0 = Release|Any CPU
		{09F1EEA2-F7DD-469E-A8DE-E8BB0421260B}.Debug|Any CPU.ActiveCfg = Debug|Any CPU
		{09F1EEA2-F7DD-469E-A8DE-E8BB0421260B}.Debug|Any CPU.Build.0 = Debug|Any CPU
		{09F1EEA2-F7DD-469E-A8DE-E8BB0421260B}.Release|Any CPU.ActiveCfg = Release|Any CPU
		{09F1EEA2-F7DD-469E-A8DE-E8BB0421260B}.Release|Any CPU.Build.0 = Release|Any CPU
		{06EDCD96-50F3-45BD-8CB8-8BB73F97C774}.Debug|Any CPU.ActiveCfg = Debug|Any CPU
		{06EDCD96-50F3-45BD-8CB8-8BB73F97C774}.Debug|Any CPU.Build.0 = Debug|Any CPU
		{06EDCD96-50F3-45BD-8CB8-8BB73F97C774}.Release|Any CPU.ActiveCfg = Release|Any CPU
		{06EDCD96-50F3-45BD-8CB8-8BB73F97C774}.Release|Any CPU.Build.0 = Release|Any CPU
		{500A677A-5DC5-4669-96F5-774F14F90617}.Debug|Any CPU.ActiveCfg = Debug|Any CPU
		{500A677A-5DC5-4669-96F5-774F14F90617}.Debug|Any CPU.Build.0 = Debug|Any CPU
		{500A677A-5DC5-4669-96F5-774F14F90617}.Release|Any CPU.ActiveCfg = Release|Any CPU
		{500A677A-5DC5-4669-96F5-774F14F90617}.Release|Any CPU.Build.0 = Release|Any CPU
		{C44BE992-FF54-4DCF-8534-B13BD71A259D}.Debug|Any CPU.ActiveCfg = Debug|Any CPU
		{C44BE992-FF54-4DCF-8534-B13BD71A259D}.Debug|Any CPU.Build.0 = Debug|Any CPU
		{C44BE992-FF54-4DCF-8534-B13BD71A259D}.Release|Any CPU.ActiveCfg = Release|Any CPU
		{C44BE992-FF54-4DCF-8534-B13BD71A259D}.Release|Any CPU.Build.0 = Release|Any CPU
		{713A0B4B-C501-4999-A8E8-EBCF1C540B36}.Debug|Any CPU.ActiveCfg = Debug|Any CPU
		{713A0B4B-C501-4999-A8E8-EBCF1C540B36}.Debug|Any CPU.Build.0 = Debug|Any CPU
		{713A0B4B-C501-4999-A8E8-EBCF1C540B36}.Release|Any CPU.ActiveCfg = Release|Any CPU
		{713A0B4B-C501-4999-A8E8-EBCF1C540B36}.Release|Any CPU.Build.0 = Release|Any CPU
		{66BDA801-A370-4E55-9439-E65657AE5EB4}.Debug|Any CPU.ActiveCfg = Debug|Any CPU
		{66BDA801-A370-4E55-9439-E65657AE5EB4}.Debug|Any CPU.Build.0 = Debug|Any CPU
		{66BDA801-A370-4E55-9439-E65657AE5EB4}.Release|Any CPU.ActiveCfg = Release|Any CPU
		{66BDA801-A370-4E55-9439-E65657AE5EB4}.Release|Any CPU.Build.0 = Release|Any CPU
		{B53C3757-093D-41BA-AB7C-40A173F3DCB3}.Debug|Any CPU.ActiveCfg = Debug|Any CPU
		{B53C3757-093D-41BA-AB7C-40A173F3DCB3}.Debug|Any CPU.Build.0 = Debug|Any CPU
		{B53C3757-093D-41BA-AB7C-40A173F3DCB3}.Release|Any CPU.ActiveCfg = Release|Any CPU
		{B53C3757-093D-41BA-AB7C-40A173F3DCB3}.Release|Any CPU.Build.0 = Release|Any CPU
		{E9041583-0C92-4FB0-9D8A-F40C77B4F550}.Debug|Any CPU.ActiveCfg = Debug|Any CPU
		{E9041583-0C92-4FB0-9D8A-F40C77B4F550}.Debug|Any CPU.Build.0 = Debug|Any CPU
		{E9041583-0C92-4FB0-9D8A-F40C77B4F550}.Release|Any CPU.ActiveCfg = Release|Any CPU
		{E9041583-0C92-4FB0-9D8A-F40C77B4F550}.Release|Any CPU.Build.0 = Release|Any CPU
		{CB06FBAD-6F54-46E4-AF2F-48014932459A}.Debug|Any CPU.ActiveCfg = Debug|Any CPU
		{CB06FBAD-6F54-46E4-AF2F-48014932459A}.Debug|Any CPU.Build.0 = Debug|Any CPU
		{CB06FBAD-6F54-46E4-AF2F-48014932459A}.Release|Any CPU.ActiveCfg = Release|Any CPU
		{CB06FBAD-6F54-46E4-AF2F-48014932459A}.Release|Any CPU.Build.0 = Release|Any CPU
		{4B8ECDB4-7A8E-41A9-9AB9-97F62ED51B9D}.Debug|Any CPU.ActiveCfg = Debug|Any CPU
		{4B8ECDB4-7A8E-41A9-9AB9-97F62ED51B9D}.Debug|Any CPU.Build.0 = Debug|Any CPU
		{4B8ECDB4-7A8E-41A9-9AB9-97F62ED51B9D}.Release|Any CPU.ActiveCfg = Release|Any CPU
		{4B8ECDB4-7A8E-41A9-9AB9-97F62ED51B9D}.Release|Any CPU.Build.0 = Release|Any CPU
		{78D96F06-C612-4B4F-83A5-354A378FFFD5}.Debug|Any CPU.ActiveCfg = Debug|Any CPU
		{78D96F06-C612-4B4F-83A5-354A378FFFD5}.Debug|Any CPU.Build.0 = Debug|Any CPU
		{78D96F06-C612-4B4F-83A5-354A378FFFD5}.Release|Any CPU.ActiveCfg = Release|Any CPU
		{78D96F06-C612-4B4F-83A5-354A378FFFD5}.Release|Any CPU.Build.0 = Release|Any CPU
		{1E2D5141-A8C9-438A-B634-CBB805C466A3}.Debug|Any CPU.ActiveCfg = Debug|Any CPU
		{1E2D5141-A8C9-438A-B634-CBB805C466A3}.Debug|Any CPU.Build.0 = Debug|Any CPU
		{1E2D5141-A8C9-438A-B634-CBB805C466A3}.Release|Any CPU.ActiveCfg = Release|Any CPU
		{1E2D5141-A8C9-438A-B634-CBB805C466A3}.Release|Any CPU.Build.0 = Release|Any CPU
		{18288429-946A-4ACD-9E51-34E989C6AECC}.Debug|Any CPU.ActiveCfg = Debug|Any CPU
		{18288429-946A-4ACD-9E51-34E989C6AECC}.Debug|Any CPU.Build.0 = Debug|Any CPU
		{18288429-946A-4ACD-9E51-34E989C6AECC}.Debug|Any CPU.Deploy.0 = Debug|Any CPU
		{18288429-946A-4ACD-9E51-34E989C6AECC}.Release|Any CPU.ActiveCfg = Release|Any CPU
		{18288429-946A-4ACD-9E51-34E989C6AECC}.Release|Any CPU.Build.0 = Release|Any CPU
		{18288429-946A-4ACD-9E51-34E989C6AECC}.Release|Any CPU.Deploy.0 = Release|Any CPU
		{B05219AD-5BF3-4185-AA41-530D1AC65493}.Debug|Any CPU.ActiveCfg = Debug|Any CPU
		{B05219AD-5BF3-4185-AA41-530D1AC65493}.Debug|Any CPU.Build.0 = Debug|Any CPU
		{B05219AD-5BF3-4185-AA41-530D1AC65493}.Release|Any CPU.ActiveCfg = Release|Any CPU
		{B05219AD-5BF3-4185-AA41-530D1AC65493}.Release|Any CPU.Build.0 = Release|Any CPU
		{B32AD055-86E9-4C98-B212-6DED28C888FF}.Debug|Any CPU.ActiveCfg = Debug|Any CPU
		{B32AD055-86E9-4C98-B212-6DED28C888FF}.Debug|Any CPU.Build.0 = Debug|Any CPU
		{B32AD055-86E9-4C98-B212-6DED28C888FF}.Debug|Any CPU.Deploy.0 = Debug|Any CPU
		{B32AD055-86E9-4C98-B212-6DED28C888FF}.Release|Any CPU.ActiveCfg = Release|Any CPU
		{B32AD055-86E9-4C98-B212-6DED28C888FF}.Release|Any CPU.Build.0 = Release|Any CPU
		{B32AD055-86E9-4C98-B212-6DED28C888FF}.Release|Any CPU.Deploy.0 = Release|Any CPU
		{670B203A-9763-4B07-ABEF-CCC59E43409E}.Debug|Any CPU.ActiveCfg = Debug|Any CPU
		{670B203A-9763-4B07-ABEF-CCC59E43409E}.Debug|Any CPU.Build.0 = Debug|Any CPU
		{670B203A-9763-4B07-ABEF-CCC59E43409E}.Release|Any CPU.ActiveCfg = Release|Any CPU
		{670B203A-9763-4B07-ABEF-CCC59E43409E}.Release|Any CPU.Build.0 = Release|Any CPU
		{EECEA2AB-7BCC-4047-B410-DC0EE6E16D22}.Debug|Any CPU.ActiveCfg = Debug|Any CPU
		{EECEA2AB-7BCC-4047-B410-DC0EE6E16D22}.Debug|Any CPU.Build.0 = Debug|Any CPU
		{EECEA2AB-7BCC-4047-B410-DC0EE6E16D22}.Release|Any CPU.ActiveCfg = Release|Any CPU
		{EECEA2AB-7BCC-4047-B410-DC0EE6E16D22}.Release|Any CPU.Build.0 = Release|Any CPU
		{39781D58-B947-4962-8ADF-CAB74A4274F7}.Debug|Any CPU.ActiveCfg = Debug|Any CPU
		{39781D58-B947-4962-8ADF-CAB74A4274F7}.Debug|Any CPU.Build.0 = Debug|Any CPU
		{39781D58-B947-4962-8ADF-CAB74A4274F7}.Debug|Any CPU.Deploy.0 = Debug|Any CPU
		{39781D58-B947-4962-8ADF-CAB74A4274F7}.Release|Any CPU.ActiveCfg = Release|Any CPU
		{39781D58-B947-4962-8ADF-CAB74A4274F7}.Release|Any CPU.Build.0 = Release|Any CPU
		{39781D58-B947-4962-8ADF-CAB74A4274F7}.Release|Any CPU.Deploy.0 = Release|Any CPU
		{F74B7016-2D2D-409E-BE59-2B532F6DA871}.Debug|Any CPU.ActiveCfg = Debug|Any CPU
		{F74B7016-2D2D-409E-BE59-2B532F6DA871}.Debug|Any CPU.Build.0 = Debug|Any CPU
		{F74B7016-2D2D-409E-BE59-2B532F6DA871}.Debug|Any CPU.Deploy.0 = Debug|Any CPU
		{F74B7016-2D2D-409E-BE59-2B532F6DA871}.Release|Any CPU.ActiveCfg = Release|Any CPU
		{F74B7016-2D2D-409E-BE59-2B532F6DA871}.Release|Any CPU.Build.0 = Release|Any CPU
		{F74B7016-2D2D-409E-BE59-2B532F6DA871}.Release|Any CPU.Deploy.0 = Release|Any CPU
	EndGlobalSection
	GlobalSection(SolutionProperties) = preSolution
		HideSolutionNode = FALSE
	EndGlobalSection
	GlobalSection(NestedProjects) = preSolution
		{9FA1710B-47DB-4CA5-AFF7-1B2402C9DC00} = {86C74A85-230D-4549-AFB0-4ECDFF33BB63}
		{2E3EB2A0-DAC0-45FE-9DAF-DE79B9174C66} = {86C74A85-230D-4549-AFB0-4ECDFF33BB63}
		{C6142443-B8A9-45B5-953F-240BA2BA3554} = {86C74A85-230D-4549-AFB0-4ECDFF33BB63}
		{81052D24-5973-4681-8522-90A57CF1994B} = {86C74A85-230D-4549-AFB0-4ECDFF33BB63}
		{29143B5C-2953-4530-8841-9E4A5029E0A1} = {86C74A85-230D-4549-AFB0-4ECDFF33BB63}
		{90E493A3-0B63-41FE-BC54-5F9612303660} = {86C74A85-230D-4549-AFB0-4ECDFF33BB63}
		{CC54D08D-6222-485C-8ADA-960551719F3E} = {86C74A85-230D-4549-AFB0-4ECDFF33BB63}
		{04953C1F-5436-450F-BFF3-40D9064A6236} = {86C74A85-230D-4549-AFB0-4ECDFF33BB63}
		{738A0480-B7BA-4DDD-8F77-A70253D31CB0} = {86C74A85-230D-4549-AFB0-4ECDFF33BB63}
		{F12C70AA-F2EE-41D3-8BBF-A739FACA01D8} = {86C74A85-230D-4549-AFB0-4ECDFF33BB63}
		{48A139A9-733B-4764-9C7D-F14FF84D4885} = {86C74A85-230D-4549-AFB0-4ECDFF33BB63}
		{4F629685-A3F5-4F78-8A29-B8F2243A5E62} = {86C74A85-230D-4549-AFB0-4ECDFF33BB63}
		{4DB665DB-085A-4C00-8204-B294EB6709AC} = {86C74A85-230D-4549-AFB0-4ECDFF33BB63}
		{ADF2A2A3-132E-42DD-8BF3-8B04B04F16AC} = {86C74A85-230D-4549-AFB0-4ECDFF33BB63}
		{8D8409B0-5FC5-499C-BE3C-1159D4BBFFED} = {86C74A85-230D-4549-AFB0-4ECDFF33BB63}
		{41C5375B-A43F-4A6F-98EC-799592C3ABF9} = {86C74A85-230D-4549-AFB0-4ECDFF33BB63}
		{09F1EEA2-F7DD-469E-A8DE-E8BB0421260B} = {86C74A85-230D-4549-AFB0-4ECDFF33BB63}
		{06EDCD96-50F3-45BD-8CB8-8BB73F97C774} = {86C74A85-230D-4549-AFB0-4ECDFF33BB63}
		{500A677A-5DC5-4669-96F5-774F14F90617} = {86C74A85-230D-4549-AFB0-4ECDFF33BB63}
		{C44BE992-FF54-4DCF-8534-B13BD71A259D} = {86C74A85-230D-4549-AFB0-4ECDFF33BB63}
		{713A0B4B-C501-4999-A8E8-EBCF1C540B36} = {86C74A85-230D-4549-AFB0-4ECDFF33BB63}
		{66BDA801-A370-4E55-9439-E65657AE5EB4} = {86C74A85-230D-4549-AFB0-4ECDFF33BB63}
		{B53C3757-093D-41BA-AB7C-40A173F3DCB3} = {86C74A85-230D-4549-AFB0-4ECDFF33BB63}
		{E9041583-0C92-4FB0-9D8A-F40C77B4F550} = {86C74A85-230D-4549-AFB0-4ECDFF33BB63}
		{CB06FBAD-6F54-46E4-AF2F-48014932459A} = {86C74A85-230D-4549-AFB0-4ECDFF33BB63}
		{4B8ECDB4-7A8E-41A9-9AB9-97F62ED51B9D} = {86C74A85-230D-4549-AFB0-4ECDFF33BB63}
		{78D96F06-C612-4B4F-83A5-354A378FFFD5} = {86C74A85-230D-4549-AFB0-4ECDFF33BB63}
		{1E2D5141-A8C9-438A-B634-CBB805C466A3} = {86C74A85-230D-4549-AFB0-4ECDFF33BB63}
		{B32AD055-86E9-4C98-B212-6DED28C888FF} = {5F4E41AE-D5DC-4402-A169-396E2E4B5C67}
		{670B203A-9763-4B07-ABEF-CCC59E43409E} = {5F4E41AE-D5DC-4402-A169-396E2E4B5C67}
		{EECEA2AB-7BCC-4047-B410-DC0EE6E16D22} = {5F4E41AE-D5DC-4402-A169-396E2E4B5C67}
	EndGlobalSection
	GlobalSection(ExtensibilityGlobals) = postSolution
		SolutionGuid = {DD0696CC-880A-4832-9346-C3A44B529DC8}
	EndGlobalSection
EndGlobal
